// !$*UTF8*$!
{
	archiveVersion = 1;
	classes = {
	};
	objectVersion = 55;
	objects = {

/* Begin PBXBuildFile section */
		CD116EF229633CB600270467 /* RoutineView.swift in Sources */ = {isa = PBXBuildFile; fileRef = CD116EF129633CB600270467 /* RoutineView.swift */; };
		CD116EF429633EBA00270467 /* HomeView.swift in Sources */ = {isa = PBXBuildFile; fileRef = CD116EF329633EBA00270467 /* HomeView.swift */; };
		CD116EF629636B6400270467 /* LineGraph.swift in Sources */ = {isa = PBXBuildFile; fileRef = CD116EF529636B6400270467 /* LineGraph.swift */; };
		CD3C0C91295E4130008C4AE5 /* ItemModel.swift in Sources */ = {isa = PBXBuildFile; fileRef = CD3C0C90295E4130008C4AE5 /* ItemModel.swift */; };
		CD5D5BF0295EF1B600B73C6C /* ListViewModel.swift in Sources */ = {isa = PBXBuildFile; fileRef = CD5D5BEF295EF1B600B73C6C /* ListViewModel.swift */; };
		CD5D5BF22960813300B73C6C /* NoItemsView.swift in Sources */ = {isa = PBXBuildFile; fileRef = CD5D5BF12960813300B73C6C /* NoItemsView.swift */; };
		CDB55718295B0050003B4549 /* hosApp.swift in Sources */ = {isa = PBXBuildFile; fileRef = CDB55717295B0050003B4549 /* hosApp.swift */; };
		CDB5571A295B0050003B4549 /* ContentView.swift in Sources */ = {isa = PBXBuildFile; fileRef = CDB55719295B0050003B4549 /* ContentView.swift */; };
		CDB5571C295B0050003B4549 /* Assets.xcassets in Resources */ = {isa = PBXBuildFile; fileRef = CDB5571B295B0050003B4549 /* Assets.xcassets */; };
		CDB5571F295B0050003B4549 /* Preview Assets.xcassets in Resources */ = {isa = PBXBuildFile; fileRef = CDB5571E295B0050003B4549 /* Preview Assets.xcassets */; };
		CDB55726295B00AA003B4549 /* HealthStore.swift in Sources */ = {isa = PBXBuildFile; fileRef = CDB55725295B00AA003B4549 /* HealthStore.swift */; };
		CDB5572A295B109B003B4549 /* HealthKit.framework in Frameworks */ = {isa = PBXBuildFile; fileRef = CDB55729295B109B003B4549 /* HealthKit.framework */; };
		CDF5B685295C52C700DD8A61 /* ListView.swift in Sources */ = {isa = PBXBuildFile; fileRef = CDF5B684295C52C700DD8A61 /* ListView.swift */; };
		CDF5B688295C546F00DD8A61 /* ListRowView.swift in Sources */ = {isa = PBXBuildFile; fileRef = CDF5B687295C546F00DD8A61 /* ListRowView.swift */; };
		CDF5B68A295C560300DD8A61 /* AddView.swift in Sources */ = {isa = PBXBuildFile; fileRef = CDF5B689295C560300DD8A61 /* AddView.swift */; };
		CDF853C2295B238A00D1D3C0 /* Step.swift in Sources */ = {isa = PBXBuildFile; fileRef = CDF853C1295B238A00D1D3C0 /* Step.swift */; };
/* End PBXBuildFile section */

/* Begin PBXFileReference section */
		CD116EF129633CB600270467 /* RoutineView.swift */ = {isa = PBXFileReference; lastKnownFileType = sourcecode.swift; path = RoutineView.swift; sourceTree = "<group>"; };
		CD116EF329633EBA00270467 /* HomeView.swift */ = {isa = PBXFileReference; lastKnownFileType = sourcecode.swift; path = HomeView.swift; sourceTree = "<group>"; };
		CD116EF529636B6400270467 /* LineGraph.swift */ = {isa = PBXFileReference; lastKnownFileType = sourcecode.swift; path = LineGraph.swift; sourceTree = "<group>"; };
		CD3C0C90295E4130008C4AE5 /* ItemModel.swift */ = {isa = PBXFileReference; lastKnownFileType = sourcecode.swift; path = ItemModel.swift; sourceTree = "<group>"; };
		CD5D5BEF295EF1B600B73C6C /* ListViewModel.swift */ = {isa = PBXFileReference; lastKnownFileType = sourcecode.swift; path = ListViewModel.swift; sourceTree = "<group>"; };
		CD5D5BF12960813300B73C6C /* NoItemsView.swift */ = {isa = PBXFileReference; lastKnownFileType = sourcecode.swift; path = NoItemsView.swift; sourceTree = "<group>"; };
		CDB55714295B0050003B4549 /* hos.app */ = {isa = PBXFileReference; explicitFileType = wrapper.application; includeInIndex = 0; path = hos.app; sourceTree = BUILT_PRODUCTS_DIR; };
		CDB55717295B0050003B4549 /* hosApp.swift */ = {isa = PBXFileReference; lastKnownFileType = sourcecode.swift; path = hosApp.swift; sourceTree = "<group>"; };
		CDB55719295B0050003B4549 /* ContentView.swift */ = {isa = PBXFileReference; lastKnownFileType = sourcecode.swift; path = ContentView.swift; sourceTree = "<group>"; };
		CDB5571B295B0050003B4549 /* Assets.xcassets */ = {isa = PBXFileReference; lastKnownFileType = folder.assetcatalog; path = Assets.xcassets; sourceTree = "<group>"; };
		CDB5571E295B0050003B4549 /* Preview Assets.xcassets */ = {isa = PBXFileReference; lastKnownFileType = folder.assetcatalog; path = "Preview Assets.xcassets"; sourceTree = "<group>"; };
		CDB55725295B00AA003B4549 /* HealthStore.swift */ = {isa = PBXFileReference; lastKnownFileType = sourcecode.swift; path = HealthStore.swift; sourceTree = "<group>"; };
		CDB55727295B109B003B4549 /* hos.entitlements */ = {isa = PBXFileReference; lastKnownFileType = text.plist.entitlements; path = hos.entitlements; sourceTree = "<group>"; };
		CDB55729295B109B003B4549 /* HealthKit.framework */ = {isa = PBXFileReference; lastKnownFileType = wrapper.framework; name = HealthKit.framework; path = System/Library/Frameworks/HealthKit.framework; sourceTree = SDKROOT; };
		CDF5B684295C52C700DD8A61 /* ListView.swift */ = {isa = PBXFileReference; lastKnownFileType = sourcecode.swift; path = ListView.swift; sourceTree = "<group>"; };
		CDF5B687295C546F00DD8A61 /* ListRowView.swift */ = {isa = PBXFileReference; lastKnownFileType = sourcecode.swift; path = ListRowView.swift; sourceTree = "<group>"; };
		CDF5B689295C560300DD8A61 /* AddView.swift */ = {isa = PBXFileReference; lastKnownFileType = sourcecode.swift; path = AddView.swift; sourceTree = "<group>"; };
		CDF853C1295B238A00D1D3C0 /* Step.swift */ = {isa = PBXFileReference; lastKnownFileType = sourcecode.swift; path = Step.swift; sourceTree = "<group>"; };
/* End PBXFileReference section */

/* Begin PBXFrameworksBuildPhase section */
		CDB55711295B0050003B4549 /* Frameworks */ = {
			isa = PBXFrameworksBuildPhase;
			buildActionMask = 2147483647;
			files = (
				CDB5572A295B109B003B4549 /* HealthKit.framework in Frameworks */,
			);
			runOnlyForDeploymentPostprocessing = 0;
		};
/* End PBXFrameworksBuildPhase section */

/* Begin PBXGroup section */
		CD3C0C8F295E4118008C4AE5 /* Models */ = {
			isa = PBXGroup;
			children = (
				CD3C0C90295E4130008C4AE5 /* ItemModel.swift */,
			);
			path = Models;
			sourceTree = "<group>";
		};
		CD5D5BEE295EF19400B73C6C /* ViewModels */ = {
			isa = PBXGroup;
			children = (
				CD5D5BEF295EF1B600B73C6C /* ListViewModel.swift */,
			);
			path = ViewModels;
			sourceTree = "<group>";
		};
		CDB5570B295B0050003B4549 = {
			isa = PBXGroup;
			children = (
				CDB55716295B0050003B4549 /* hos */,
				CDB55715295B0050003B4549 /* Products */,
				CDB55728295B109B003B4549 /* Frameworks */,
			);
			sourceTree = "<group>";
		};
		CDB55715295B0050003B4549 /* Products */ = {
			isa = PBXGroup;
			children = (
				CDB55714295B0050003B4549 /* hos.app */,
			);
			name = Products;
			sourceTree = "<group>";
		};
		CDB55716295B0050003B4549 /* hos */ = {
			isa = PBXGroup;
			children = (
				CD5D5BEE295EF19400B73C6C /* ViewModels */,
				CD3C0C8F295E4118008C4AE5 /* Models */,
				CDF5B686295C52F500DD8A61 /* Archive */,
				CDF5B683295C52B400DD8A61 /* Views */,
				CDF853C0295B237E00D1D3C0 /* Model */,
				CDB55727295B109B003B4549 /* hos.entitlements */,
				CDB55717295B0050003B4549 /* hosApp.swift */,
				CDB5571B295B0050003B4549 /* Assets.xcassets */,
				CDB5571D295B0050003B4549 /* Preview Content */,
				CDB55725295B00AA003B4549 /* HealthStore.swift */,
			);
			path = hos;
			sourceTree = "<group>";
		};
		CDB5571D295B0050003B4549 /* Preview Content */ = {
			isa = PBXGroup;
			children = (
				CDB5571E295B0050003B4549 /* Preview Assets.xcassets */,
			);
			path = "Preview Content";
			sourceTree = "<group>";
		};
		CDB55728295B109B003B4549 /* Frameworks */ = {
			isa = PBXGroup;
			children = (
				CDB55729295B109B003B4549 /* HealthKit.framework */,
			);
			name = Frameworks;
			sourceTree = "<group>";
		};
		CDF5B683295C52B400DD8A61 /* Views */ = {
			isa = PBXGroup;
			children = (
				CDF5B684295C52C700DD8A61 /* ListView.swift */,
				CDF5B687295C546F00DD8A61 /* ListRowView.swift */,
				CDF5B689295C560300DD8A61 /* AddView.swift */,
				CD5D5BF12960813300B73C6C /* NoItemsView.swift */,
				CD116EF129633CB600270467 /* RoutineView.swift */,
				CD116EF329633EBA00270467 /* HomeView.swift */,
				CD116EF529636B6400270467 /* LineGraph.swift */,
			);
			path = Views;
			sourceTree = "<group>";
		};
		CDF5B686295C52F500DD8A61 /* Archive */ = {
			isa = PBXGroup;
			children = (
				CDB55719295B0050003B4549 /* ContentView.swift */,
			);
			path = Archive;
			sourceTree = "<group>";
		};
		CDF853C0295B237E00D1D3C0 /* Model */ = {
			isa = PBXGroup;
			children = (
				CDF853C1295B238A00D1D3C0 /* Step.swift */,
			);
			path = Model;
			sourceTree = "<group>";
		};
/* End PBXGroup section */

/* Begin PBXNativeTarget section */
		CDB55713295B0050003B4549 /* hos */ = {
			isa = PBXNativeTarget;
			buildConfigurationList = CDB55722295B0050003B4549 /* Build configuration list for PBXNativeTarget "hos" */;
			buildPhases = (
				CDB55710295B0050003B4549 /* Sources */,
				CDB55711295B0050003B4549 /* Frameworks */,
				CDB55712295B0050003B4549 /* Resources */,
			);
			buildRules = (
			);
			dependencies = (
			);
			name = hos;
			productName = hos;
			productReference = CDB55714295B0050003B4549 /* hos.app */;
			productType = "com.apple.product-type.application";
		};
/* End PBXNativeTarget section */

/* Begin PBXProject section */
		CDB5570C295B0050003B4549 /* Project object */ = {
			isa = PBXProject;
			attributes = {
				BuildIndependentTargetsInParallel = 1;
				LastSwiftUpdateCheck = 1340;
				LastUpgradeCheck = 1340;
				TargetAttributes = {
					CDB55713295B0050003B4549 = {
						CreatedOnToolsVersion = 13.4.1;
					};
				};
			};
			buildConfigurationList = CDB5570F295B0050003B4549 /* Build configuration list for PBXProject "hos" */;
			compatibilityVersion = "Xcode 13.0";
			developmentRegion = en;
			hasScannedForEncodings = 0;
			knownRegions = (
				en,
				Base,
			);
			mainGroup = CDB5570B295B0050003B4549;
			productRefGroup = CDB55715295B0050003B4549 /* Products */;
			projectDirPath = "";
			projectRoot = "";
			targets = (
				CDB55713295B0050003B4549 /* hos */,
			);
		};
/* End PBXProject section */

/* Begin PBXResourcesBuildPhase section */
		CDB55712295B0050003B4549 /* Resources */ = {
			isa = PBXResourcesBuildPhase;
			buildActionMask = 2147483647;
			files = (
				CDB5571F295B0050003B4549 /* Preview Assets.xcassets in Resources */,
				CDB5571C295B0050003B4549 /* Assets.xcassets in Resources */,
			);
			runOnlyForDeploymentPostprocessing = 0;
		};
/* End PBXResourcesBuildPhase section */

/* Begin PBXSourcesBuildPhase section */
		CDB55710295B0050003B4549 /* Sources */ = {
			isa = PBXSourcesBuildPhase;
			buildActionMask = 2147483647;
			files = (
				CDF5B68A295C560300DD8A61 /* AddView.swift in Sources */,
				CD116EF429633EBA00270467 /* HomeView.swift in Sources */,
				CDB5571A295B0050003B4549 /* ContentView.swift in Sources */,
				CD3C0C91295E4130008C4AE5 /* ItemModel.swift in Sources */,
				CDF853C2295B238A00D1D3C0 /* Step.swift in Sources */,
				CD5D5BF22960813300B73C6C /* NoItemsView.swift in Sources */,
				CDF5B685295C52C700DD8A61 /* ListView.swift in Sources */,
				CD116EF629636B6400270467 /* LineGraph.swift in Sources */,
				CD5D5BF0295EF1B600B73C6C /* ListViewModel.swift in Sources */,
				CDB55726295B00AA003B4549 /* HealthStore.swift in Sources */,
				CD116EF229633CB600270467 /* RoutineView.swift in Sources */,
				CDB55718295B0050003B4549 /* hosApp.swift in Sources */,
				CDF5B688295C546F00DD8A61 /* ListRowView.swift in Sources */,
			);
			runOnlyForDeploymentPostprocessing = 0;
		};
/* End PBXSourcesBuildPhase section */

/* Begin XCBuildConfiguration section */
		CDB55720295B0050003B4549 /* Debug */ = {
			isa = XCBuildConfiguration;
			buildSettings = {
				ALWAYS_SEARCH_USER_PATHS = NO;
				CLANG_ANALYZER_NONNULL = YES;
				CLANG_ANALYZER_NUMBER_OBJECT_CONVERSION = YES_AGGRESSIVE;
				CLANG_CXX_LANGUAGE_STANDARD = "gnu++17";
				CLANG_ENABLE_MODULES = YES;
				CLANG_ENABLE_OBJC_ARC = YES;
				CLANG_ENABLE_OBJC_WEAK = YES;
				CLANG_WARN_BLOCK_CAPTURE_AUTORELEASING = YES;
				CLANG_WARN_BOOL_CONVERSION = YES;
				CLANG_WARN_COMMA = YES;
				CLANG_WARN_CONSTANT_CONVERSION = YES;
				CLANG_WARN_DEPRECATED_OBJC_IMPLEMENTATIONS = YES;
				CLANG_WARN_DIRECT_OBJC_ISA_USAGE = YES_ERROR;
				CLANG_WARN_DOCUMENTATION_COMMENTS = YES;
				CLANG_WARN_EMPTY_BODY = YES;
				CLANG_WARN_ENUM_CONVERSION = YES;
				CLANG_WARN_INFINITE_RECURSION = YES;
				CLANG_WARN_INT_CONVERSION = YES;
				CLANG_WARN_NON_LITERAL_NULL_CONVERSION = YES;
				CLANG_WARN_OBJC_IMPLICIT_RETAIN_SELF = YES;
				CLANG_WARN_OBJC_LITERAL_CONVERSION = YES;
				CLANG_WARN_OBJC_ROOT_CLASS = YES_ERROR;
				CLANG_WARN_QUOTED_INCLUDE_IN_FRAMEWORK_HEADER = YES;
				CLANG_WARN_RANGE_LOOP_ANALYSIS = YES;
				CLANG_WARN_STRICT_PROTOTYPES = YES;
				CLANG_WARN_SUSPICIOUS_MOVE = YES;
				CLANG_WARN_UNGUARDED_AVAILABILITY = YES_AGGRESSIVE;
				CLANG_WARN_UNREACHABLE_CODE = YES;
				CLANG_WARN__DUPLICATE_METHOD_MATCH = YES;
				COPY_PHASE_STRIP = NO;
				DEBUG_INFORMATION_FORMAT = dwarf;
				ENABLE_STRICT_OBJC_MSGSEND = YES;
				ENABLE_TESTABILITY = YES;
				GCC_C_LANGUAGE_STANDARD = gnu11;
				GCC_DYNAMIC_NO_PIC = NO;
				GCC_NO_COMMON_BLOCKS = YES;
				GCC_OPTIMIZATION_LEVEL = 0;
				GCC_PREPROCESSOR_DEFINITIONS = (
					"DEBUG=1",
					"$(inherited)",
				);
				GCC_WARN_64_TO_32_BIT_CONVERSION = YES;
				GCC_WARN_ABOUT_RETURN_TYPE = YES_ERROR;
				GCC_WARN_UNDECLARED_SELECTOR = YES;
				GCC_WARN_UNINITIALIZED_AUTOS = YES_AGGRESSIVE;
				GCC_WARN_UNUSED_FUNCTION = YES;
				GCC_WARN_UNUSED_VARIABLE = YES;
				IPHONEOS_DEPLOYMENT_TARGET = 15.5;
				MTL_ENABLE_DEBUG_INFO = INCLUDE_SOURCE;
				MTL_FAST_MATH = YES;
				ONLY_ACTIVE_ARCH = YES;
				SDKROOT = iphoneos;
				SWIFT_ACTIVE_COMPILATION_CONDITIONS = DEBUG;
				SWIFT_OPTIMIZATION_LEVEL = "-Onone";
			};
			name = Debug;
		};
		CDB55721295B0050003B4549 /* Release */ = {
			isa = XCBuildConfiguration;
			buildSettings = {
				ALWAYS_SEARCH_USER_PATHS = NO;
				CLANG_ANALYZER_NONNULL = YES;
				CLANG_ANALYZER_NUMBER_OBJECT_CONVERSION = YES_AGGRESSIVE;
				CLANG_CXX_LANGUAGE_STANDARD = "gnu++17";
				CLANG_ENABLE_MODULES = YES;
				CLANG_ENABLE_OBJC_ARC = YES;
				CLANG_ENABLE_OBJC_WEAK = YES;
				CLANG_WARN_BLOCK_CAPTURE_AUTORELEASING = YES;
				CLANG_WARN_BOOL_CONVERSION = YES;
				CLANG_WARN_COMMA = YES;
				CLANG_WARN_CONSTANT_CONVERSION = YES;
				CLANG_WARN_DEPRECATED_OBJC_IMPLEMENTATIONS = YES;
				CLANG_WARN_DIRECT_OBJC_ISA_USAGE = YES_ERROR;
				CLANG_WARN_DOCUMENTATION_COMMENTS = YES;
				CLANG_WARN_EMPTY_BODY = YES;
				CLANG_WARN_ENUM_CONVERSION = YES;
				CLANG_WARN_INFINITE_RECURSION = YES;
				CLANG_WARN_INT_CONVERSION = YES;
				CLANG_WARN_NON_LITERAL_NULL_CONVERSION = YES;
				CLANG_WARN_OBJC_IMPLICIT_RETAIN_SELF = YES;
				CLANG_WARN_OBJC_LITERAL_CONVERSION = YES;
				CLANG_WARN_OBJC_ROOT_CLASS = YES_ERROR;
				CLANG_WARN_QUOTED_INCLUDE_IN_FRAMEWORK_HEADER = YES;
				CLANG_WARN_RANGE_LOOP_ANALYSIS = YES;
				CLANG_WARN_STRICT_PROTOTYPES = YES;
				CLANG_WARN_SUSPICIOUS_MOVE = YES;
				CLANG_WARN_UNGUARDED_AVAILABILITY = YES_AGGRESSIVE;
				CLANG_WARN_UNREACHABLE_CODE = YES;
				CLANG_WARN__DUPLICATE_METHOD_MATCH = YES;
				COPY_PHASE_STRIP = NO;
				DEBUG_INFORMATION_FORMAT = "dwarf-with-dsym";
				ENABLE_NS_ASSERTIONS = NO;
				ENABLE_STRICT_OBJC_MSGSEND = YES;
				GCC_C_LANGUAGE_STANDARD = gnu11;
				GCC_NO_COMMON_BLOCKS = YES;
				GCC_WARN_64_TO_32_BIT_CONVERSION = YES;
				GCC_WARN_ABOUT_RETURN_TYPE = YES_ERROR;
				GCC_WARN_UNDECLARED_SELECTOR = YES;
				GCC_WARN_UNINITIALIZED_AUTOS = YES_AGGRESSIVE;
				GCC_WARN_UNUSED_FUNCTION = YES;
				GCC_WARN_UNUSED_VARIABLE = YES;
				IPHONEOS_DEPLOYMENT_TARGET = 15.5;
				MTL_ENABLE_DEBUG_INFO = NO;
				MTL_FAST_MATH = YES;
				SDKROOT = iphoneos;
				SWIFT_COMPILATION_MODE = wholemodule;
				SWIFT_OPTIMIZATION_LEVEL = "-O";
				VALIDATE_PRODUCT = YES;
			};
			name = Release;
		};
		CDB55723295B0050003B4549 /* Debug */ = {
			isa = XCBuildConfiguration;
			buildSettings = {
				ASSETCATALOG_COMPILER_APPICON_NAME = AppIcon;
				ASSETCATALOG_COMPILER_GLOBAL_ACCENT_COLOR_NAME = AccentColor;
				CODE_SIGN_ENTITLEMENTS = hos/hos.entitlements;
				CODE_SIGN_STYLE = Automatic;
				CURRENT_PROJECT_VERSION = 1;
				DEVELOPMENT_ASSET_PATHS = "\"hos/Preview Content\"";
				DEVELOPMENT_TEAM = 26CS98DTG4;
				ENABLE_PREVIEWS = YES;
				GENERATE_INFOPLIST_FILE = YES;
				INFOPLIST_KEY_NSHealthShareUsageDescription = "This app requires access to your health data";
				INFOPLIST_KEY_NSHealthUpdateUsageDescription = "This app requires access to your health data";
				INFOPLIST_KEY_UIApplicationSceneManifest_Generation = YES;
				INFOPLIST_KEY_UIApplicationSupportsIndirectInputEvents = YES;
				INFOPLIST_KEY_UILaunchScreen_Generation = YES;
				INFOPLIST_KEY_UISupportedInterfaceOrientations_iPad = "UIInterfaceOrientationPortrait UIInterfaceOrientationPortraitUpsideDown UIInterfaceOrientationLandscapeLeft UIInterfaceOrientationLandscapeRight";
				INFOPLIST_KEY_UISupportedInterfaceOrientations_iPhone = "UIInterfaceOrientationPortrait UIInterfaceOrientationLandscapeLeft UIInterfaceOrientationLandscapeRight";
				LD_RUNPATH_SEARCH_PATHS = (
					"$(inherited)",
					"@executable_path/Frameworks",
				);
				MARKETING_VERSION = 1.0;
				PRODUCT_BUNDLE_IDENTIFIER = com.christophjasper.hos;
				PRODUCT_NAME = "$(TARGET_NAME)";
				SWIFT_EMIT_LOC_STRINGS = YES;
				SWIFT_VERSION = 5.0;
				TARGETED_DEVICE_FAMILY = "1,2";
			};
			name = Debug;
		};
		CDB55724295B0050003B4549 /* Release */ = {
			isa = XCBuildConfiguration;
			buildSettings = {
				ASSETCATALOG_COMPILER_APPICON_NAME = AppIcon;
				ASSETCATALOG_COMPILER_GLOBAL_ACCENT_COLOR_NAME = AccentColor;
				CODE_SIGN_ENTITLEMENTS = hos/hos.entitlements;
				CODE_SIGN_STYLE = Automatic;
				CURRENT_PROJECT_VERSION = 1;
				DEVELOPMENT_ASSET_PATHS = "\"hos/Preview Content\"";
				DEVELOPMENT_TEAM = 26CS98DTG4;
				ENABLE_PREVIEWS = YES;
				GENERATE_INFOPLIST_FILE = YES;
				INFOPLIST_KEY_NSHealthShareUsageDescription = "This app requires access to your health data";
				INFOPLIST_KEY_NSHealthUpdateUsageDescription = "This app requires access to your health data";
				INFOPLIST_KEY_UIApplicationSceneManifest_Generation = YES;
				INFOPLIST_KEY_UIApplicationSupportsIndirectInputEvents = YES;
				INFOPLIST_KEY_UILaunchScreen_Generation = YES;
				INFOPLIST_KEY_UISupportedInterfaceOrientations_iPad = "UIInterfaceOrientationPortrait UIInterfaceOrientationPortraitUpsideDown UIInterfaceOrientationLandscapeLeft UIInterfaceOrientationLandscapeRight";
				INFOPLIST_KEY_UISupportedInterfaceOrientations_iPhone = "UIInterfaceOrientationPortrait UIInterfaceOrientationLandscapeLeft UIInterfaceOrientationLandscapeRight";
				LD_RUNPATH_SEARCH_PATHS = (
					"$(inherited)",
					"@executable_path/Frameworks",
				);
				MARKETING_VERSION = 1.0;
				PRODUCT_BUNDLE_IDENTIFIER = com.christophjasper.hos;
				PRODUCT_NAME = "$(TARGET_NAME)";
				SWIFT_EMIT_LOC_STRINGS = YES;
				SWIFT_VERSION = 5.0;
				TARGETED_DEVICE_FAMILY = "1,2";
			};
			name = Release;
		};
/* End XCBuildConfiguration section */

/* Begin XCConfigurationList section */
		CDB5570F295B0050003B4549 /* Build configuration list for PBXProject "hos" */ = {
			isa = XCConfigurationList;
			buildConfigurations = (
				CDB55720295B0050003B4549 /* Debug */,
				CDB55721295B0050003B4549 /* Release */,
			);
			defaultConfigurationIsVisible = 0;
			defaultConfigurationName = Release;
		};
		CDB55722295B0050003B4549 /* Build configuration list for PBXNativeTarget "hos" */ = {
			isa = XCConfigurationList;
			buildConfigurations = (
				CDB55723295B0050003B4549 /* Debug */,
				CDB55724295B0050003B4549 /* Release */,
			);
			defaultConfigurationIsVisible = 0;
			defaultConfigurationName = Release;
		};
/* End XCConfigurationList section */
	};
	rootObject = CDB5570C295B0050003B4549 /* Project object */;
}
